<?xml version="1.0" encoding="utf-8"?>
<Project ToolsVersion="4.0" xmlns="http://schemas.microsoft.com/developer/msbuild/2003">
  <ItemGroup>
    <Filter Include="Source Files">
      <UniqueIdentifier>{4FC737F1-C7A5-4376-A066-2A32D752A2FF}</UniqueIdentifier>
      <Extensions>cpp;c;cc;cxx;def;odl;idl;hpj;bat;asm;asmx</Extensions>
    </Filter>
    <Filter Include="Header Files">
      <UniqueIdentifier>{93995380-89BD-4b04-88EB-625FBE52EBFB}</UniqueIdentifier>
      <Extensions>h;hpp;hxx;hm;inl;inc;xsd</Extensions>
    </Filter>
    <Filter Include="Resource Files">
      <UniqueIdentifier>{67DA6AB6-F800-4c08-8B7A-83BB121AAD01}</UniqueIdentifier>
      <Extensions>rc;ico;cur;bmp;dlg;rc2;rct;bin;rgs;gif;jpg;jpeg;jpe;resx;tiff;tif;png;wav;mfcribbon-ms</Extensions>
    </Filter>
    <Filter Include="Source Files\app">
      <UniqueIdentifier>{43179657-12bf-4b62-aa42-cdeb895f14fb}</UniqueIdentifier>
    </Filter>
    <Filter Include="Source Files\demo">
      <UniqueIdentifier>{708ca4f3-4cd4-4b5c-b16b-fc35ebe4240f}</UniqueIdentifier>
    </Filter>
    <Filter Include="Source Files\scenes">
      <UniqueIdentifier>{ad7733c8-0e69-414c-b4bb-06a4700b11de}</UniqueIdentifier>
    </Filter>
    <Filter Include="Source Files\timeline">
      <UniqueIdentifier>{03f7f12d-a3a4-4b77-9489-c55fc3f01d82}</UniqueIdentifier>
    </Filter>
  </ItemGroup>
  <ItemGroup>
    <None Include="..\..\..\source\win32\appicon.ico">
      <Filter>Resource Files</Filter>
    </None>
  </ItemGroup>
  <ItemGroup>
    <ResourceCompile Include="..\..\..\source\win32\resources.rc">
      <Filter>Resource Files</Filter>
    </ResourceCompile>
  </ItemGroup>
  <ItemGroup>
    <ClInclude Include="..\..\..\source\scenes\dsSceneLoading.h">
      <Filter>Source Files\app</Filter>
    </ClInclude>
    <ClInclude Include="..\..\..\source\dsTimeline.h">
      <Filter>Source Files\timeline</Filter>
    </ClInclude>
    <ClInclude Include="..\..\..\source\scenes\dsSolidColor.h">
      <Filter>Source Files\scenes</Filter>
    </ClInclude>
    <ClInclude Include="..\..\..\source\scenes\dsConsoleText.h">
      <Filter>Source Files\scenes</Filter>
    </ClInclude>
    <ClInclude Include="..\..\..\source\scenes\dsFloatPopup.h">
      <Filter>Source Files\scenes</Filter>
    </ClInclude>
    <ClInclude Include="..\..\..\source\scenes\dsFloatText.h">
      <Filter>Source Files\scenes</Filter>
    </ClInclude>
    <ClInclude Include="..\..\..\source\scenes\dsFloatTexture.h">
      <Filter>Source Files\scenes</Filter>
    </ClInclude>
    <ClInclude Include="..\..\..\source\scenes\dsOutputPostProcess.h">
      <Filter>Source Files\scenes</Filter>
    </ClInclude>
    <ClInclude Include="..\..\..\source\dsConfig.h">
      <Filter>Source Files\demo</Filter>
    </ClInclude>
    <ClInclude Include="..\..\..\source\dsAudioFFT.h">
      <Filter>Header Files</Filter>
    </ClInclude>
    <ClInclude Include="..\..\..\source\dsAudioPlayer.h">
      <Filter>Header Files</Filter>
    </ClInclude>
    <ClInclude Include="..\..\..\source\dsCompound.h">
      <Filter>Header Files</Filter>
    </ClInclude>
    <ClInclude Include="..\..\..\source\dsData.h">
      <Filter>Header Files</Filter>
    </ClInclude>
    <ClInclude Include="..\..\..\source\dsSettings.h">
      <Filter>Header Files</Filter>
    </ClInclude>
    <ClInclude Include="..\..\..\source\dsStage.h">
      <Filter>Header Files</Filter>
    </ClInclude>
    <ClInclude Include="..\..\..\source\dsSubtitles.h">
      <Filter>Header Files</Filter>
    </ClInclude>
    <ClInclude Include="..\..\..\source\dsUtils.h">
      <Filter>Header Files</Filter>
    </ClInclude>
    <ClInclude Include="..\..\..\source\win32\resource.h">
      <Filter>Header Files</Filter>
    </ClInclude>
  </ItemGroup>
  <ItemGroup>
    <ClCompile Include="..\..\..\source\dsAudioFFT.cpp">
      <Filter>Source Files\demo</Filter>
    </ClCompile>
    <ClCompile Include="..\..\..\source\dsAudioPlayer.cpp">
      <Filter>Source Files\demo</Filter>
    </ClCompile>
    <ClCompile Include="..\..\..\source\dsCompound.cpp">
      <Filter>Source Files\demo</Filter>
    </ClCompile>
    <ClCompile Include="..\..\..\source\dsData.cpp">
      <Filter>Source Files\demo</Filter>
    </ClCompile>
    <ClCompile Include="..\..\..\source\dsSettings.cpp">
      <Filter>Source Files\demo</Filter>
    </ClCompile>
    <ClCompile Include="..\..\..\source\dsSubtitles.cpp">
      <Filter>Source Files\demo</Filter>
    </ClCompile>
    <ClCompile Include="..\..\..\source\dsUtils.cpp">
      <Filter>Source Files\demo</Filter>
    </ClCompile>
    <ClCompile Include="..\..\..\source\dsMain.cpp">
      <Filter>Source Files\app</Filter>
    </ClCompile>
    <ClCompile Include="..\..\..\source\dsStage.cpp">
      <Filter>Source Files\demo</Filter>
    </ClCompile>
    <ClCompile Include="..\..\..\source\scenes\dsSceneLoading.cpp">
      <Filter>Source Files\app</Filter>
    </ClCompile>
    <ClCompile Include="..\..\..\source\dsTimeline.cpp">
      <Filter>Source Files\timeline</Filter>
    </ClCompile>
    <ClCompile Include="..\..\..\source\scenes\dsSolidColor.cpp">
      <Filter>Source Files\scenes</Filter>
    </ClCompile>
    <ClCompile Include="..\..\..\source\scenes\dsConsoleText.cpp">
      <Filter>Source Files\scenes</Filter>
    </ClCompile>
    <ClCompile Include="..\..\..\source\scenes\dsFloatPopup.cpp">
      <Filter>Source Files\scenes</Filter>
    </ClCompile>
    <ClCompile Include="..\..\..\source\scenes\dsFloatText.cpp">
      <Filter>Source Files\scenes</Filter>
    </ClCompile>
    <ClCompile Include="..\..\..\source\scenes\dsFloatTexture.cpp">
      <Filter>Source Files\scenes</Filter>
    </ClCompile>
    <ClCompile Include="..\..\..\source\scenes\dsOutputPostProcess.cpp">
      <Filter>Source Files\scenes</Filter>
    </ClCompile>
  </ItemGroup>
</Project>