<?xml version="1.0" encoding="utf-8"?>
<Project ToolsVersion="4.0" xmlns="http://schemas.microsoft.com/developer/msbuild/2003">
  <ItemGroup>
    <Filter Include="Resource Files">
      <UniqueIdentifier>{67DA6AB6-F800-4c08-8B7A-83BB121AAD01}</UniqueIdentifier>
      <Extensions>rc;ico;cur;bmp;dlg;rc2;rct;bin;rgs;gif;jpg;jpeg;jpe;resx;tiff;tif;png;wav;mfcribbon-ms</Extensions>
    </Filter>
    <Filter Include="demo">
      <UniqueIdentifier>{6185e8b2-297e-45ba-8489-df0d9fbdfc03}</UniqueIdentifier>
    </Filter>
    <Filter Include="demo\scenes">
      <UniqueIdentifier>{5f01f9f2-fbbf-4f2c-8b94-ee6a2d0e8420}</UniqueIdentifier>
    </Filter>
    <Filter Include="core">
      <UniqueIdentifier>{83063b99-47e4-4af6-828b-23cd523980b4}</UniqueIdentifier>
    </Filter>
    <Filter Include="core\Header Files">
      <UniqueIdentifier>{93995380-89BD-4b04-88EB-625FBE52EBFB}</UniqueIdentifier>
      <Extensions>h;hpp;hxx;hm;inl;inc;xsd</Extensions>
    </Filter>
    <Filter Include="core\Source Files">
      <UniqueIdentifier>{4FC737F1-C7A5-4376-A066-2A32D752A2FF}</UniqueIdentifier>
      <Extensions>cpp;c;cc;cxx;def;odl;idl;hpj;bat;asm;asmx</Extensions>
    </Filter>
    <Filter Include="demo\scenes\utils">
      <UniqueIdentifier>{8a8c38d7-7c4a-4f1a-855f-833cee40d1ca}</UniqueIdentifier>
    </Filter>
    <Filter Include="demo\scenes\post process">
      <UniqueIdentifier>{d9857e2e-1a58-406d-bdfa-9a829b80166b}</UniqueIdentifier>
    </Filter>
    <Filter Include="demo\scenes\text">
      <UniqueIdentifier>{a0257d0c-88b5-4ea7-8414-6ada2a586c10}</UniqueIdentifier>
    </Filter>
    <Filter Include="demo\scenes\other">
      <UniqueIdentifier>{dca76c31-08bb-4bfc-b018-932fa723d0d0}</UniqueIdentifier>
    </Filter>
  </ItemGroup>
  <ItemGroup>
    <None Include="..\..\..\source\win32\appicon.ico">
      <Filter>Resource Files</Filter>
    </None>
  </ItemGroup>
  <ItemGroup>
    <ResourceCompile Include="..\..\..\source\win32\resources.rc">
      <Filter>Resource Files</Filter>
    </ResourceCompile>
  </ItemGroup>
  <ItemGroup>
    <ClInclude Include="..\..\..\source\win32\resource.h">
      <Filter>core\Header Files</Filter>
    </ClInclude>
    <ClInclude Include="..\..\..\source\dsAudioFFT.h">
      <Filter>core\Header Files</Filter>
    </ClInclude>
    <ClInclude Include="..\..\..\source\dsAudioPlayer.h">
      <Filter>core\Header Files</Filter>
    </ClInclude>
    <ClInclude Include="..\..\..\source\dsCompound.h">
      <Filter>core\Header Files</Filter>
    </ClInclude>
    <ClInclude Include="..\..\..\source\dsConfig.h">
      <Filter>core\Header Files</Filter>
    </ClInclude>
    <ClInclude Include="..\..\..\source\dsData.h">
      <Filter>core\Header Files</Filter>
    </ClInclude>
    <ClInclude Include="..\..\..\source\dsSettings.h">
      <Filter>core\Header Files</Filter>
    </ClInclude>
    <ClInclude Include="..\..\..\source\dsSubtitles.h">
      <Filter>core\Header Files</Filter>
    </ClInclude>
    <ClInclude Include="..\..\..\source\dsUtils.h">
      <Filter>core\Header Files</Filter>
    </ClInclude>
    <ClInclude Include="..\..\..\source\dsStage.h">
      <Filter>core\Header Files</Filter>
    </ClInclude>
    <ClInclude Include="..\..\..\source\dsMain.h">
      <Filter>core\Header Files</Filter>
    </ClInclude>
    <ClInclude Include="..\..\..\source\dsSceneLoading.h">
      <Filter>core\Source Files</Filter>
    </ClInclude>
    <ClInclude Include="..\..\..\source\dsTimeline.h">
      <Filter>demo</Filter>
    </ClInclude>
    <ClInclude Include="..\..\..\source\scenes\MaterialToProgram.h">
      <Filter>demo\scenes\utils</Filter>
    </ClInclude>
    <ClInclude Include="..\..\..\source\scenes\dsInnerHouse.h">
      <Filter>demo\scenes</Filter>
    </ClInclude>
    <ClInclude Include="..\..\..\source\scenes\dsGlitchPostProcess.h">
      <Filter>demo\scenes\post process</Filter>
    </ClInclude>
    <ClInclude Include="..\..\..\source\scenes\dsOutputPostProcess.h">
      <Filter>demo\scenes\post process</Filter>
    </ClInclude>
    <ClInclude Include="..\..\..\source\scenes\dsFloatText.h">
      <Filter>demo\scenes\text</Filter>
    </ClInclude>
    <ClInclude Include="..\..\..\source\scenes\dsSolidColor.h">
      <Filter>demo\scenes\other</Filter>
    </ClInclude>
    <ClInclude Include="..\..\..\source\scenes\dsPseudoHouse.h">
      <Filter>demo\scenes</Filter>
    </ClInclude>
  </ItemGroup>
  <ItemGroup>
    <ClCompile Include="..\..\..\source\dsTimeline.cpp">
      <Filter>demo</Filter>
    </ClCompile>
    <ClCompile Include="..\..\..\source\dsAudioFFT.cpp">
      <Filter>core\Source Files</Filter>
    </ClCompile>
    <ClCompile Include="..\..\..\source\dsAudioPlayer.cpp">
      <Filter>core\Source Files</Filter>
    </ClCompile>
    <ClCompile Include="..\..\..\source\dsCompound.cpp">
      <Filter>core\Source Files</Filter>
    </ClCompile>
    <ClCompile Include="..\..\..\source\dsData.cpp">
      <Filter>core\Source Files</Filter>
    </ClCompile>
    <ClCompile Include="..\..\..\source\dsMain.cpp">
      <Filter>core\Source Files</Filter>
    </ClCompile>
    <ClCompile Include="..\..\..\source\dsSceneLoading.cpp">
      <Filter>core\Source Files</Filter>
    </ClCompile>
    <ClCompile Include="..\..\..\source\dsSettings.cpp">
      <Filter>core\Source Files</Filter>
    </ClCompile>
    <ClCompile Include="..\..\..\source\dsStage.cpp">
      <Filter>core\Source Files</Filter>
    </ClCompile>
    <ClCompile Include="..\..\..\source\dsSubtitles.cpp">
      <Filter>core\Source Files</Filter>
    </ClCompile>
    <ClCompile Include="..\..\..\source\dsUtils.cpp">
      <Filter>core\Source Files</Filter>
    </ClCompile>
    <ClCompile Include="..\..\..\source\scenes\MaterialToProgram.cpp">
      <Filter>demo\scenes\utils</Filter>
    </ClCompile>
    <ClCompile Include="..\..\..\source\scenes\dsInnerHouse.cpp">
      <Filter>demo\scenes</Filter>
    </ClCompile>
    <ClCompile Include="..\..\..\source\scenes\dsGlitchPostProcess.cpp">
      <Filter>demo\scenes\post process</Filter>
    </ClCompile>
    <ClCompile Include="..\..\..\source\scenes\dsOutputPostProcess.cpp">
      <Filter>demo\scenes\post process</Filter>
    </ClCompile>
    <ClCompile Include="..\..\..\source\scenes\dsFloatText.cpp">
      <Filter>demo\scenes\text</Filter>
    </ClCompile>
    <ClCompile Include="..\..\..\source\scenes\dsSolidColor.cpp">
      <Filter>demo\scenes\other</Filter>
    </ClCompile>
    <ClCompile Include="..\..\..\source\scenes\dsPseudoHouse.cpp">
      <Filter>demo\scenes</Filter>
    </ClCompile>
  </ItemGroup>
</Project>